# This file is automatically @generated by Poetry 1.8.5 and should not be changed by hand.

[[package]]
name = "pyrlang"
version = "0.12-alpha"
description = "Erlang Node implemented in Python using asyncio"
optional = false
python-versions = "*"
files = []
develop = false

[package.dependencies]
pyrlang-term = ">=1.2"

[package.source]
type = "git"
url = "https://github.com/H2OSLabs/Pyrlang"
reference = "ca665c6d5286bb29f326621e3fdc36367591dfb3"
resolved_reference = "ca665c6d5286bb29f326621e3fdc36367591dfb3"

[[package]]
name = "pyrlang-term"
version = "1.5a0"
description = "Erlang term and External Term Format codec in Python and native Rust extension"
optional = false
python-versions = "*"
files = []
develop = false

[package.source]
type = "git"
url = "https://github.com/Pyrlang/Term.git"
reference = "HEAD"
resolved_reference = "bf762693bff43d7ccad15c854aa075f849bd0dbc"

[metadata]
lock-version = "2.0"
python-versions = "^3.13"
content-hash = "a7b68f8da89b7d19f662e1149ac1358d63a0e7973561d7614c2aeab247451111"
